
Microsoft Visual Studio Solution File, Format Version 12.00
# Visual Studio Version 17
VisualStudioVersion = 17.7.34009.444
MinimumVisualStudioVersion = 10.0.40219.1
Project("{FAE04EC0-301F-11D3-BF4B-00C04F79EFBC}") = "CompleteGuitarApp", "CompleteGuitarApp\CompleteGuitarApp.csproj", "{1BAF5863-9C6E-4BAF-8C52-649703F59E63}"
EndProject
Global
	GlobalSection(SolutionConfigurationPlatforms) = preSolution
		Debug|Any CPU = Debug|Any CPU
		Release|Any CPU = Release|Any CPU
	EndGlobalSection
	GlobalSection(ProjectConfigurationPlatforms) = postSolution
		{1BAF5863-9C6E-4BAF-8C52-649703F59E63}.Debug|Any CPU.ActiveCfg = Debug|Any CPU
		{1BAF5863-9C6E-4BAF-8C52-649703F59E63}.Debug|Any CPU.Build.0 = Debug|Any CPU
		{1BAF5863-9C6E-4BAF-8C52-649703F59E63}.Release|Any CPU.ActiveCfg = Release|Any CPU
		{1BAF5863-9C6E-4BAF-8C52-649703F59E63}.Release|Any CPU.Build.0 = Release|Any CPU
	EndGlobalSection
	GlobalSection(SolutionProperties) = preSolution
		HideSolutionNode = FALSE
	EndGlobalSection
	GlobalSection(ExtensibilityGlobals) = postSolution
		SolutionGuid = {8C6CEF93-B574-4A2E-BE4F-FA968D22458C}
	EndGlobalSection
EndGlobal
